<Solution>
  <Project Path="TaskManagement.Application/TaskManagement.Application.csproj" />
  <Project Path="TaskManagement.Domain/TaskManagement.Domain.csproj" />
  <Project Path="TaskManagement.Infrastructure/TaskManagement.Infrastructure.csproj" />
  <Project Path="TaskManagement.WebAPI/TaskManagement.WebAPI.csproj" />
</Solution>
